
Microsoft Visual Studio Solution File, Format Version 12.00
# Visual Studio 15
VisualStudioVersion = 15.0.27703.2026
MinimumVisualStudioVersion = 10.0.40219.1
Project("{FAE04EC0-301F-11D3-BF4B-00C04F79EFBC}") = "HelloWorld", "HelloWorld\HelloWorld.csproj", "{7A6852F3-ECB8-4338-BC8E-8718E9A3F8B5}"
EndProject
Global
	GlobalSection(SolutionConfigurationPlatforms) = preSolution
		Debug|Any CPU = Debug|Any CPU
		Release|Any CPU = Release|Any CPU
	EndGlobalSection
	GlobalSection(ProjectConfigurationPlatforms) = postSolution
		{7A6852F3-ECB8-4338-BC8E-8718E9A3F8B5}.Debug|Any CPU.ActiveCfg = Debug|Any CPU
		{7A6852F3-ECB8-4338-BC8E-8718E9A3F8B5}.Debug|Any CPU.Build.0 = Debug|Any CPU
		{7A6852F3-ECB8-4338-BC8E-8718E9A3F8B5}.Release|Any CPU.ActiveCfg = Release|Any CPU
		{7A6852F3-ECB8-4338-BC8E-8718E9A3F8B5}.Release|Any CPU.Build.0 = Release|Any CPU
	EndGlobalSection
	GlobalSection(SolutionProperties) = preSolution
		HideSolutionNode = FALSE
	EndGlobalSection
	GlobalSection(ExtensibilityGlobals) = postSolution
		SolutionGuid = {52965510-6BB5-4EFC-80B1-1A900C1B139D}
	EndGlobalSection
EndGlobal
